
Microsoft Visual Studio Solution File, Format Version 12.00
# Visual Studio 2013
VisualStudioVersion = 12.0.31101.0
MinimumVisualStudioVersion = 10.0.40219.1
Project("{FAE04EC0-301F-11D3-BF4B-00C04F79EFBC}") = "MachineLearningEngine", "MachineLearningEngine\MachineLearningEngine\MachineLearningEngine.csproj", "{A64808DB-1DFD-4924-A74E-A1CDF8B8B606}"
	ProjectSection(ProjectDependencies) = postProject
		{ABF44884-5BAE-4BD6-BDD9-523C289047E8} = {ABF44884-5BAE-4BD6-BDD9-523C289047E8}
	EndProjectSection
EndProject
Project("{FAE04EC0-301F-11D3-BF4B-00C04F79EFBC}") = "DataServices", "MachineLearningEngine\DataServices\DataServices.csproj", "{ABF44884-5BAE-4BD6-BDD9-523C289047E8}"
EndProject
Project("{FAE04EC0-301F-11D3-BF4B-00C04F79EFBC}") = "DataLoad", "MachineLearningEngine\JsonParser\JsonValue\DataLoad.csproj", "{4A87ED89-669A-4DB8-A82D-87443F306629}"
	ProjectSection(ProjectDependencies) = postProject
		{ABF44884-5BAE-4BD6-BDD9-523C289047E8} = {ABF44884-5BAE-4BD6-BDD9-523C289047E8}
	EndProjectSection
EndProject
Project("{FAE04EC0-301F-11D3-BF4B-00C04F79EFBC}") = "ExternalConnector", "MachineLearningEngine\HtmlParser\ExternalConnector.csproj", "{35A79B46-9E59-48EB-A6B9-AED08B9DE4EC}"
EndProject
Project("{FAE04EC0-301F-11D3-BF4B-00C04F79EFBC}") = "CallDCoder", "MachineLearningEngine\CallDCoder\CallDCoder.csproj", "{3EE0A918-3987-45A4-ACBF-6450342EEC64}"
EndProject
Global
	GlobalSection(SolutionConfigurationPlatforms) = preSolution
		Debug|Any CPU = Debug|Any CPU
		Debug|ARM = Debug|ARM
		Debug|x64 = Debug|x64
		Debug|x86 = Debug|x86
		Release|Any CPU = Release|Any CPU
		Release|ARM = Release|ARM
		Release|x64 = Release|x64
		Release|x86 = Release|x86
	EndGlobalSection
	GlobalSection(ProjectConfigurationPlatforms) = postSolution
		{A64808DB-1DFD-4924-A74E-A1CDF8B8B606}.Debug|Any CPU.ActiveCfg = Debug|Any CPU
		{A64808DB-1DFD-4924-A74E-A1CDF8B8B606}.Debug|Any CPU.Build.0 = Debug|Any CPU
		{A64808DB-1DFD-4924-A74E-A1CDF8B8B606}.Debug|Any CPU.Deploy.0 = Debug|Any CPU
		{A64808DB-1DFD-4924-A74E-A1CDF8B8B606}.Debug|ARM.ActiveCfg = Debug|ARM
		{A64808DB-1DFD-4924-A74E-A1CDF8B8B606}.Debug|ARM.Build.0 = Debug|ARM
		{A64808DB-1DFD-4924-A74E-A1CDF8B8B606}.Debug|ARM.Deploy.0 = Debug|ARM
		{A64808DB-1DFD-4924-A74E-A1CDF8B8B606}.Debug|x64.ActiveCfg = Debug|x64
		{A64808DB-1DFD-4924-A74E-A1CDF8B8B606}.Debug|x64.Build.0 = Debug|x64
		{A64808DB-1DFD-4924-A74E-A1CDF8B8B606}.Debug|x64.Deploy.0 = Debug|x64
		{A64808DB-1DFD-4924-A74E-A1CDF8B8B606}.Debug|x86.ActiveCfg = Debug|x86
		{A64808DB-1DFD-4924-A74E-A1CDF8B8B606}.Debug|x86.Build.0 = Debug|x86
		{A64808DB-1DFD-4924-A74E-A1CDF8B8B606}.Debug|x86.Deploy.0 = Debug|x86
		{A64808DB-1DFD-4924-A74E-A1CDF8B8B606}.Release|Any CPU.ActiveCfg = Release|Any CPU
		{A64808DB-1DFD-4924-A74E-A1CDF8B8B606}.Release|Any CPU.Build.0 = Release|Any CPU
		{A64808DB-1DFD-4924-A74E-A1CDF8B8B606}.Release|Any CPU.Deploy.0 = Release|Any CPU
		{A64808DB-1DFD-4924-A74E-A1CDF8B8B606}.Release|ARM.ActiveCfg = Release|ARM
		{A64808DB-1DFD-4924-A74E-A1CDF8B8B606}.Release|ARM.Build.0 = Release|ARM
		{A64808DB-1DFD-4924-A74E-A1CDF8B8B606}.Release|ARM.Deploy.0 = Release|ARM
		{A64808DB-1DFD-4924-A74E-A1CDF8B8B606}.Release|x64.ActiveCfg = Release|x64
		{A64808DB-1DFD-4924-A74E-A1CDF8B8B606}.Release|x64.Build.0 = Release|x64
		{A64808DB-1DFD-4924-A74E-A1CDF8B8B606}.Release|x64.Deploy.0 = Release|x64
		{A64808DB-1DFD-4924-A74E-A1CDF8B8B606}.Release|x86.ActiveCfg = Release|x86
		{A64808DB-1DFD-4924-A74E-A1CDF8B8B606}.Release|x86.Build.0 = Release|x86
		{A64808DB-1DFD-4924-A74E-A1CDF8B8B606}.Release|x86.Deploy.0 = Release|x86
		{ABF44884-5BAE-4BD6-BDD9-523C289047E8}.Debug|Any CPU.ActiveCfg = Debug|Any CPU
		{ABF44884-5BAE-4BD6-BDD9-523C289047E8}.Debug|Any CPU.Build.0 = Debug|Any CPU
		{ABF44884-5BAE-4BD6-BDD9-523C289047E8}.Debug|ARM.ActiveCfg = Debug|Any CPU
		{ABF44884-5BAE-4BD6-BDD9-523C289047E8}.Debug|x64.ActiveCfg = Debug|Any CPU
		{ABF44884-5BAE-4BD6-BDD9-523C289047E8}.Debug|x86.ActiveCfg = Debug|Any CPU
		{ABF44884-5BAE-4BD6-BDD9-523C289047E8}.Release|Any CPU.ActiveCfg = Release|Any CPU
		{ABF44884-5BAE-4BD6-BDD9-523C289047E8}.Release|Any CPU.Build.0 = Release|Any CPU
		{ABF44884-5BAE-4BD6-BDD9-523C289047E8}.Release|ARM.ActiveCfg = Release|Any CPU
		{ABF44884-5BAE-4BD6-BDD9-523C289047E8}.Release|x64.ActiveCfg = Release|Any CPU
		{ABF44884-5BAE-4BD6-BDD9-523C289047E8}.Release|x86.ActiveCfg = Release|Any CPU
		{4A87ED89-669A-4DB8-A82D-87443F306629}.Debug|Any CPU.ActiveCfg = Debug|Any CPU
		{4A87ED89-669A-4DB8-A82D-87443F306629}.Debug|Any CPU.Build.0 = Debug|Any CPU
		{4A87ED89-669A-4DB8-A82D-87443F306629}.Debug|ARM.ActiveCfg = Debug|Any CPU
		{4A87ED89-669A-4DB8-A82D-87443F306629}.Debug|x64.ActiveCfg = Debug|Any CPU
		{4A87ED89-669A-4DB8-A82D-87443F306629}.Debug|x86.ActiveCfg = Debug|Any CPU
		{4A87ED89-669A-4DB8-A82D-87443F306629}.Release|Any CPU.ActiveCfg = Release|Any CPU
		{4A87ED89-669A-4DB8-A82D-87443F306629}.Release|Any CPU.Build.0 = Release|Any CPU
		{4A87ED89-669A-4DB8-A82D-87443F306629}.Release|ARM.ActiveCfg = Release|Any CPU
		{4A87ED89-669A-4DB8-A82D-87443F306629}.Release|x64.ActiveCfg = Release|Any CPU
		{4A87ED89-669A-4DB8-A82D-87443F306629}.Release|x86.ActiveCfg = Release|Any CPU
		{35A79B46-9E59-48EB-A6B9-AED08B9DE4EC}.Debug|Any CPU.ActiveCfg = Debug|Any CPU
		{35A79B46-9E59-48EB-A6B9-AED08B9DE4EC}.Debug|Any CPU.Build.0 = Debug|Any CPU
		{35A79B46-9E59-48EB-A6B9-AED08B9DE4EC}.Debug|ARM.ActiveCfg = Debug|Any CPU
		{35A79B46-9E59-48EB-A6B9-AED08B9DE4EC}.Debug|x64.ActiveCfg = Debug|Any CPU
		{35A79B46-9E59-48EB-A6B9-AED08B9DE4EC}.Debug|x86.ActiveCfg = Debug|Any CPU
		{35A79B46-9E59-48EB-A6B9-AED08B9DE4EC}.Release|Any CPU.ActiveCfg = Release|Any CPU
		{35A79B46-9E59-48EB-A6B9-AED08B9DE4EC}.Release|Any CPU.Build.0 = Release|Any CPU
		{35A79B46-9E59-48EB-A6B9-AED08B9DE4EC}.Release|ARM.ActiveCfg = Release|Any CPU
		{35A79B46-9E59-48EB-A6B9-AED08B9DE4EC}.Release|x64.ActiveCfg = Release|Any CPU
		{35A79B46-9E59-48EB-A6B9-AED08B9DE4EC}.Release|x86.ActiveCfg = Release|Any CPU
		{3EE0A918-3987-45A4-ACBF-6450342EEC64}.Debug|Any CPU.ActiveCfg = Debug|Any CPU
		{3EE0A918-3987-45A4-ACBF-6450342EEC64}.Debug|Any CPU.Build.0 = Debug|Any CPU
		{3EE0A918-3987-45A4-ACBF-6450342EEC64}.Debug|ARM.ActiveCfg = Debug|Any CPU
		{3EE0A918-3987-45A4-ACBF-6450342EEC64}.Debug|x64.ActiveCfg = Debug|Any CPU
		{3EE0A918-3987-45A4-ACBF-6450342EEC64}.Debug|x86.ActiveCfg = Debug|Any CPU
		{3EE0A918-3987-45A4-ACBF-6450342EEC64}.Release|Any CPU.ActiveCfg = Release|Any CPU
		{3EE0A918-3987-45A4-ACBF-6450342EEC64}.Release|Any CPU.Build.0 = Release|Any CPU
		{3EE0A918-3987-45A4-ACBF-6450342EEC64}.Release|ARM.ActiveCfg = Release|Any CPU
		{3EE0A918-3987-45A4-ACBF-6450342EEC64}.Release|x64.ActiveCfg = Release|Any CPU
		{3EE0A918-3987-45A4-ACBF-6450342EEC64}.Release|x86.ActiveCfg = Release|Any CPU
	EndGlobalSection
	GlobalSection(SolutionProperties) = preSolution
		HideSolutionNode = FALSE
	EndGlobalSection
EndGlobal
